
Microsoft Visual Studio Solution File, Format Version 12.00
# Visual Studio Version 17
VisualStudioVersion = 17.8.34511.84
MinimumVisualStudioVersion = 10.0.40219.1
Project("{FAE04EC0-301F-11D3-BF4B-00C04F79EFBC}") = "PollingUpload", "PollingUpload.csproj", "{B89448E9-E8BC-4DE2-86D5-20C8C4F3EEDB}"
EndProject
Global
	GlobalSection(SolutionConfigurationPlatforms) = preSolution
		Debug|Any CPU = Debug|Any CPU
		Release|Any CPU = Release|Any CPU
	EndGlobalSection
	GlobalSection(ProjectConfigurationPlatforms) = postSolution
		{B89448E9-E8BC-4DE2-86D5-20C8C4F3EEDB}.Debug|Any CPU.ActiveCfg = Debug|Any CPU
		{B89448E9-E8BC-4DE2-86D5-20C8C4F3EEDB}.Debug|Any CPU.Build.0 = Debug|Any CPU
		{B89448E9-E8BC-4DE2-86D5-20C8C4F3EEDB}.Release|Any CPU.ActiveCfg = Release|Any CPU
		{B89448E9-E8BC-4DE2-86D5-20C8C4F3EEDB}.Release|Any CPU.Build.0 = Release|Any CPU
	EndGlobalSection
	GlobalSection(SolutionProperties) = preSolution
		HideSolutionNode = FALSE
	EndGlobalSection
	GlobalSection(ExtensibilityGlobals) = postSolution
		SolutionGuid = {B7A025F1-18B1-459C-A819-FAF6FFBE4595}
	EndGlobalSection
EndGlobal
